
Microsoft Visual Studio Solution File, Format Version 12.00
# Visual Studio Version 16
VisualStudioVersion = 16.0.33423.256
MinimumVisualStudioVersion = 10.0.40219.1
Project("{8BC9CEB8-8B4A-11D0-8D11-00A0C91BC942}") = "BT61", "BT61.vcxproj", "{1F698C5D-7A7F-4394-98A9-83DF990A691C}"
EndProject
Global
	GlobalSection(SolutionConfigurationPlatforms) = preSolution
		Debug|x64 = Debug|x64
		Debug|x86 = Debug|x86
		Release|x64 = Release|x64
		Release|x86 = Release|x86
	EndGlobalSection
	GlobalSection(ProjectConfigurationPlatforms) = postSolution
		{1F698C5D-7A7F-4394-98A9-83DF990A691C}.Debug|x64.ActiveCfg = Debug|x64
		{1F698C5D-7A7F-4394-98A9-83DF990A691C}.Debug|x64.Build.0 = Debug|x64
		{1F698C5D-7A7F-4394-98A9-83DF990A691C}.Debug|x86.ActiveCfg = Debug|Win32
		{1F698C5D-7A7F-4394-98A9-83DF990A691C}.Debug|x86.Build.0 = Debug|Win32
		{1F698C5D-7A7F-4394-98A9-83DF990A691C}.Release|x64.ActiveCfg = Release|x64
		{1F698C5D-7A7F-4394-98A9-83DF990A691C}.Release|x64.Build.0 = Release|x64
		{1F698C5D-7A7F-4394-98A9-83DF990A691C}.Release|x86.ActiveCfg = Release|Win32
		{1F698C5D-7A7F-4394-98A9-83DF990A691C}.Release|x86.Build.0 = Release|Win32
	EndGlobalSection
	GlobalSection(SolutionProperties) = preSolution
		HideSolutionNode = FALSE
	EndGlobalSection
	GlobalSection(ExtensibilityGlobals) = postSolution
		SolutionGuid = {BFB630E9-CC8A-42B9-915B-9A8BC1A88859}
	EndGlobalSection
EndGlobal
