
Microsoft Visual Studio Solution File, Format Version 12.00
# Visual Studio Version 16
VisualStudioVersion = 16.0.33423.256
MinimumVisualStudioVersion = 10.0.40219.1
Project("{8BC9CEB8-8B4A-11D0-8D11-00A0C91BC942}") = "BT36", "BT36.vcxproj", "{5934E6ED-0A1C-48B5-BB89-DD0842D2252B}"
EndProject
Global
	GlobalSection(SolutionConfigurationPlatforms) = preSolution
		Debug|x64 = Debug|x64
		Debug|x86 = Debug|x86
		Release|x64 = Release|x64
		Release|x86 = Release|x86
	EndGlobalSection
	GlobalSection(ProjectConfigurationPlatforms) = postSolution
		{5934E6ED-0A1C-48B5-BB89-DD0842D2252B}.Debug|x64.ActiveCfg = Debug|x64
		{5934E6ED-0A1C-48B5-BB89-DD0842D2252B}.Debug|x64.Build.0 = Debug|x64
		{5934E6ED-0A1C-48B5-BB89-DD0842D2252B}.Debug|x86.ActiveCfg = Debug|Win32
		{5934E6ED-0A1C-48B5-BB89-DD0842D2252B}.Debug|x86.Build.0 = Debug|Win32
		{5934E6ED-0A1C-48B5-BB89-DD0842D2252B}.Release|x64.ActiveCfg = Release|x64
		{5934E6ED-0A1C-48B5-BB89-DD0842D2252B}.Release|x64.Build.0 = Release|x64
		{5934E6ED-0A1C-48B5-BB89-DD0842D2252B}.Release|x86.ActiveCfg = Release|Win32
		{5934E6ED-0A1C-48B5-BB89-DD0842D2252B}.Release|x86.Build.0 = Release|Win32
	EndGlobalSection
	GlobalSection(SolutionProperties) = preSolution
		HideSolutionNode = FALSE
	EndGlobalSection
	GlobalSection(ExtensibilityGlobals) = postSolution
		SolutionGuid = {7202812C-2D0B-4133-A393-2855AC42CC72}
	EndGlobalSection
EndGlobal
