
Microsoft Visual Studio Solution File, Format Version 12.00
# Visual Studio Version 16
VisualStudioVersion = 16.0.33423.256
MinimumVisualStudioVersion = 10.0.40219.1
Project("{8BC9CEB8-8B4A-11D0-8D11-00A0C91BC942}") = "BT17", "BT17.vcxproj", "{3CEEA44C-9FC1-4235-8CC7-230F722A7312}"
EndProject
Global
	GlobalSection(SolutionConfigurationPlatforms) = preSolution
		Debug|x64 = Debug|x64
		Debug|x86 = Debug|x86
		Release|x64 = Release|x64
		Release|x86 = Release|x86
	EndGlobalSection
	GlobalSection(ProjectConfigurationPlatforms) = postSolution
		{3CEEA44C-9FC1-4235-8CC7-230F722A7312}.Debug|x64.ActiveCfg = Debug|x64
		{3CEEA44C-9FC1-4235-8CC7-230F722A7312}.Debug|x64.Build.0 = Debug|x64
		{3CEEA44C-9FC1-4235-8CC7-230F722A7312}.Debug|x86.ActiveCfg = Debug|Win32
		{3CEEA44C-9FC1-4235-8CC7-230F722A7312}.Debug|x86.Build.0 = Debug|Win32
		{3CEEA44C-9FC1-4235-8CC7-230F722A7312}.Release|x64.ActiveCfg = Release|x64
		{3CEEA44C-9FC1-4235-8CC7-230F722A7312}.Release|x64.Build.0 = Release|x64
		{3CEEA44C-9FC1-4235-8CC7-230F722A7312}.Release|x86.ActiveCfg = Release|Win32
		{3CEEA44C-9FC1-4235-8CC7-230F722A7312}.Release|x86.Build.0 = Release|Win32
	EndGlobalSection
	GlobalSection(SolutionProperties) = preSolution
		HideSolutionNode = FALSE
	EndGlobalSection
	GlobalSection(ExtensibilityGlobals) = postSolution
		SolutionGuid = {513DB458-C817-4B5A-8E59-0461EA6CCD7A}
	EndGlobalSection
EndGlobal
