
Microsoft Visual Studio Solution File, Format Version 12.00
# Visual Studio Version 16
VisualStudioVersion = 16.0.33423.256
MinimumVisualStudioVersion = 10.0.40219.1
Project("{8BC9CEB8-8B4A-11D0-8D11-00A0C91BC942}") = "BT58", "BT58.vcxproj", "{9A259603-E742-46FA-B939-99A0EB00E438}"
EndProject
Global
	GlobalSection(SolutionConfigurationPlatforms) = preSolution
		Debug|x64 = Debug|x64
		Debug|x86 = Debug|x86
		Release|x64 = Release|x64
		Release|x86 = Release|x86
	EndGlobalSection
	GlobalSection(ProjectConfigurationPlatforms) = postSolution
		{9A259603-E742-46FA-B939-99A0EB00E438}.Debug|x64.ActiveCfg = Debug|x64
		{9A259603-E742-46FA-B939-99A0EB00E438}.Debug|x64.Build.0 = Debug|x64
		{9A259603-E742-46FA-B939-99A0EB00E438}.Debug|x86.ActiveCfg = Debug|Win32
		{9A259603-E742-46FA-B939-99A0EB00E438}.Debug|x86.Build.0 = Debug|Win32
		{9A259603-E742-46FA-B939-99A0EB00E438}.Release|x64.ActiveCfg = Release|x64
		{9A259603-E742-46FA-B939-99A0EB00E438}.Release|x64.Build.0 = Release|x64
		{9A259603-E742-46FA-B939-99A0EB00E438}.Release|x86.ActiveCfg = Release|Win32
		{9A259603-E742-46FA-B939-99A0EB00E438}.Release|x86.Build.0 = Release|Win32
	EndGlobalSection
	GlobalSection(SolutionProperties) = preSolution
		HideSolutionNode = FALSE
	EndGlobalSection
	GlobalSection(ExtensibilityGlobals) = postSolution
		SolutionGuid = {A02FE3BE-CEC1-4319-8ADD-EB92DA2DBEA0}
	EndGlobalSection
EndGlobal
