
Microsoft Visual Studio Solution File, Format Version 12.00
# Visual Studio Version 16
VisualStudioVersion = 16.0.33529.622
MinimumVisualStudioVersion = 10.0.40219.1
Project("{8BC9CEB8-8B4A-11D0-8D11-00A0C91BC942}") = "Bt0501", "Bt0501.vcxproj", "{9517CB08-E73E-454C-93A2-604588F264F5}"
EndProject
Global
	GlobalSection(SolutionConfigurationPlatforms) = preSolution
		Debug|x64 = Debug|x64
		Debug|x86 = Debug|x86
		Release|x64 = Release|x64
		Release|x86 = Release|x86
	EndGlobalSection
	GlobalSection(ProjectConfigurationPlatforms) = postSolution
		{9517CB08-E73E-454C-93A2-604588F264F5}.Debug|x64.ActiveCfg = Debug|x64
		{9517CB08-E73E-454C-93A2-604588F264F5}.Debug|x64.Build.0 = Debug|x64
		{9517CB08-E73E-454C-93A2-604588F264F5}.Debug|x86.ActiveCfg = Debug|Win32
		{9517CB08-E73E-454C-93A2-604588F264F5}.Debug|x86.Build.0 = Debug|Win32
		{9517CB08-E73E-454C-93A2-604588F264F5}.Release|x64.ActiveCfg = Release|x64
		{9517CB08-E73E-454C-93A2-604588F264F5}.Release|x64.Build.0 = Release|x64
		{9517CB08-E73E-454C-93A2-604588F264F5}.Release|x86.ActiveCfg = Release|Win32
		{9517CB08-E73E-454C-93A2-604588F264F5}.Release|x86.Build.0 = Release|Win32
	EndGlobalSection
	GlobalSection(SolutionProperties) = preSolution
		HideSolutionNode = FALSE
	EndGlobalSection
	GlobalSection(ExtensibilityGlobals) = postSolution
		SolutionGuid = {D1F10F24-B8A3-45B7-8491-BD5A0E33EF37}
	EndGlobalSection
EndGlobal
