
Microsoft Visual Studio Solution File, Format Version 12.00
# Visual Studio Version 16
VisualStudioVersion = 16.0.33423.256
MinimumVisualStudioVersion = 10.0.40219.1
Project("{8BC9CEB8-8B4A-11D0-8D11-00A0C91BC942}") = "Bt49", "Bt49.vcxproj", "{C404CC4D-1E5A-4B89-A5FB-5BBE0F66CDED}"
EndProject
Global
	GlobalSection(SolutionConfigurationPlatforms) = preSolution
		Debug|x64 = Debug|x64
		Debug|x86 = Debug|x86
		Release|x64 = Release|x64
		Release|x86 = Release|x86
	EndGlobalSection
	GlobalSection(ProjectConfigurationPlatforms) = postSolution
		{C404CC4D-1E5A-4B89-A5FB-5BBE0F66CDED}.Debug|x64.ActiveCfg = Debug|x64
		{C404CC4D-1E5A-4B89-A5FB-5BBE0F66CDED}.Debug|x64.Build.0 = Debug|x64
		{C404CC4D-1E5A-4B89-A5FB-5BBE0F66CDED}.Debug|x86.ActiveCfg = Debug|Win32
		{C404CC4D-1E5A-4B89-A5FB-5BBE0F66CDED}.Debug|x86.Build.0 = Debug|Win32
		{C404CC4D-1E5A-4B89-A5FB-5BBE0F66CDED}.Release|x64.ActiveCfg = Release|x64
		{C404CC4D-1E5A-4B89-A5FB-5BBE0F66CDED}.Release|x64.Build.0 = Release|x64
		{C404CC4D-1E5A-4B89-A5FB-5BBE0F66CDED}.Release|x86.ActiveCfg = Release|Win32
		{C404CC4D-1E5A-4B89-A5FB-5BBE0F66CDED}.Release|x86.Build.0 = Release|Win32
	EndGlobalSection
	GlobalSection(SolutionProperties) = preSolution
		HideSolutionNode = FALSE
	EndGlobalSection
	GlobalSection(ExtensibilityGlobals) = postSolution
		SolutionGuid = {4E5B47AD-14A9-4D8C-A812-C76E5DF33C5A}
	EndGlobalSection
EndGlobal
