
Microsoft Visual Studio Solution File, Format Version 12.00
# Visual Studio Version 16
VisualStudioVersion = 16.0.33423.256
MinimumVisualStudioVersion = 10.0.40219.1
Project("{8BC9CEB8-8B4A-11D0-8D11-00A0C91BC942}") = "BT60", "BT60.vcxproj", "{4AA15549-D5DB-4159-8931-856AC6234B1D}"
EndProject
Global
	GlobalSection(SolutionConfigurationPlatforms) = preSolution
		Debug|x64 = Debug|x64
		Debug|x86 = Debug|x86
		Release|x64 = Release|x64
		Release|x86 = Release|x86
	EndGlobalSection
	GlobalSection(ProjectConfigurationPlatforms) = postSolution
		{4AA15549-D5DB-4159-8931-856AC6234B1D}.Debug|x64.ActiveCfg = Debug|x64
		{4AA15549-D5DB-4159-8931-856AC6234B1D}.Debug|x64.Build.0 = Debug|x64
		{4AA15549-D5DB-4159-8931-856AC6234B1D}.Debug|x86.ActiveCfg = Debug|Win32
		{4AA15549-D5DB-4159-8931-856AC6234B1D}.Debug|x86.Build.0 = Debug|Win32
		{4AA15549-D5DB-4159-8931-856AC6234B1D}.Release|x64.ActiveCfg = Release|x64
		{4AA15549-D5DB-4159-8931-856AC6234B1D}.Release|x64.Build.0 = Release|x64
		{4AA15549-D5DB-4159-8931-856AC6234B1D}.Release|x86.ActiveCfg = Release|Win32
		{4AA15549-D5DB-4159-8931-856AC6234B1D}.Release|x86.Build.0 = Release|Win32
	EndGlobalSection
	GlobalSection(SolutionProperties) = preSolution
		HideSolutionNode = FALSE
	EndGlobalSection
	GlobalSection(ExtensibilityGlobals) = postSolution
		SolutionGuid = {48BF84C2-1F05-44E7-8E20-974E6CB4A7D7}
	EndGlobalSection
EndGlobal
