
Microsoft Visual Studio Solution File, Format Version 12.00
# Visual Studio Version 16
VisualStudioVersion = 16.0.33529.622
MinimumVisualStudioVersion = 10.0.40219.1
Project("{8BC9CEB8-8B4A-11D0-8D11-00A0C91BC942}") = "Bt4", "Bt4.vcxproj", "{08E68113-6F5D-45C5-9B6C-16753D88A56A}"
EndProject
Global
	GlobalSection(SolutionConfigurationPlatforms) = preSolution
		Debug|x64 = Debug|x64
		Debug|x86 = Debug|x86
		Release|x64 = Release|x64
		Release|x86 = Release|x86
	EndGlobalSection
	GlobalSection(ProjectConfigurationPlatforms) = postSolution
		{08E68113-6F5D-45C5-9B6C-16753D88A56A}.Debug|x64.ActiveCfg = Debug|x64
		{08E68113-6F5D-45C5-9B6C-16753D88A56A}.Debug|x64.Build.0 = Debug|x64
		{08E68113-6F5D-45C5-9B6C-16753D88A56A}.Debug|x86.ActiveCfg = Debug|Win32
		{08E68113-6F5D-45C5-9B6C-16753D88A56A}.Debug|x86.Build.0 = Debug|Win32
		{08E68113-6F5D-45C5-9B6C-16753D88A56A}.Release|x64.ActiveCfg = Release|x64
		{08E68113-6F5D-45C5-9B6C-16753D88A56A}.Release|x64.Build.0 = Release|x64
		{08E68113-6F5D-45C5-9B6C-16753D88A56A}.Release|x86.ActiveCfg = Release|Win32
		{08E68113-6F5D-45C5-9B6C-16753D88A56A}.Release|x86.Build.0 = Release|Win32
	EndGlobalSection
	GlobalSection(SolutionProperties) = preSolution
		HideSolutionNode = FALSE
	EndGlobalSection
	GlobalSection(ExtensibilityGlobals) = postSolution
		SolutionGuid = {9C771496-CFE1-475D-A909-F0574BA9422D}
	EndGlobalSection
EndGlobal
